
Microsoft Visual Studio Solution File, Format Version 12.00
# Visual Studio Version 16
VisualStudioVersion = 16.0.33328.57
MinimumVisualStudioVersion = 10.0.40219.1
Project("{FAE04EC0-301F-11D3-BF4B-00C04F79EFBC}") = "5_Hafta_Homeworks", "5_Hafta_Homeworks\5_Hafta_Homeworks.csproj", "{E5B4250D-9C83-4F28-AC0D-D27CF6B93BD9}"
EndProject
Project("{FAE04EC0-301F-11D3-BF4B-00C04F79EFBC}") = "Classes", "Classes\Classes.csproj", "{18F6297F-0F2F-4B6C-B2AF-472DBBFF806D}"
EndProject
Project("{FAE04EC0-301F-11D3-BF4B-00C04F79EFBC}") = "RecapDemo1", "RecapDemo1\RecapDemo1.csproj", "{F9B42E6C-691A-45C8-8497-664FB1C5878A}"
EndProject
Project("{FAE04EC0-301F-11D3-BF4B-00C04F79EFBC}") = "Interfaces", "Interfaces\Interfaces.csproj", "{C37CD72F-2105-439D-A06C-456E2EDA29B0}"
EndProject
Global
	GlobalSection(SolutionConfigurationPlatforms) = preSolution
		Debug|Any CPU = Debug|Any CPU
		Release|Any CPU = Release|Any CPU
	EndGlobalSection
	GlobalSection(ProjectConfigurationPlatforms) = postSolution
		{E5B4250D-9C83-4F28-AC0D-D27CF6B93BD9}.Debug|Any CPU.ActiveCfg = Debug|Any CPU
		{E5B4250D-9C83-4F28-AC0D-D27CF6B93BD9}.Debug|Any CPU.Build.0 = Debug|Any CPU
		{E5B4250D-9C83-4F28-AC0D-D27CF6B93BD9}.Release|Any CPU.ActiveCfg = Release|Any CPU
		{E5B4250D-9C83-4F28-AC0D-D27CF6B93BD9}.Release|Any CPU.Build.0 = Release|Any CPU
		{18F6297F-0F2F-4B6C-B2AF-472DBBFF806D}.Debug|Any CPU.ActiveCfg = Debug|Any CPU
		{18F6297F-0F2F-4B6C-B2AF-472DBBFF806D}.Debug|Any CPU.Build.0 = Debug|Any CPU
		{18F6297F-0F2F-4B6C-B2AF-472DBBFF806D}.Release|Any CPU.ActiveCfg = Release|Any CPU
		{18F6297F-0F2F-4B6C-B2AF-472DBBFF806D}.Release|Any CPU.Build.0 = Release|Any CPU
		{F9B42E6C-691A-45C8-8497-664FB1C5878A}.Debug|Any CPU.ActiveCfg = Debug|Any CPU
		{F9B42E6C-691A-45C8-8497-664FB1C5878A}.Debug|Any CPU.Build.0 = Debug|Any CPU
		{F9B42E6C-691A-45C8-8497-664FB1C5878A}.Release|Any CPU.ActiveCfg = Release|Any CPU
		{F9B42E6C-691A-45C8-8497-664FB1C5878A}.Release|Any CPU.Build.0 = Release|Any CPU
		{C37CD72F-2105-439D-A06C-456E2EDA29B0}.Debug|Any CPU.ActiveCfg = Debug|Any CPU
		{C37CD72F-2105-439D-A06C-456E2EDA29B0}.Debug|Any CPU.Build.0 = Debug|Any CPU
		{C37CD72F-2105-439D-A06C-456E2EDA29B0}.Release|Any CPU.ActiveCfg = Release|Any CPU
		{C37CD72F-2105-439D-A06C-456E2EDA29B0}.Release|Any CPU.Build.0 = Release|Any CPU
	EndGlobalSection
	GlobalSection(SolutionProperties) = preSolution
		HideSolutionNode = FALSE
	EndGlobalSection
	GlobalSection(ExtensibilityGlobals) = postSolution
		SolutionGuid = {04289ECD-6EA9-4B48-8EF1-33475DBF5114}
	EndGlobalSection
EndGlobal
